{
  "name": "frontend",
  "version": "1.0.0",
  "lockfileVersion": 2,
  "dependencies": {
    "serve": {
      "version": "14.0.1",
      "resolved": "https://registry.npmjs.org/serve/-/serve-14.0.1.tgz",
      "integrity": "sha512-ljm1YOYvg0fgc1f2UVFhxaDh3lLOyGbZZro9By6UQfdX2bGdDmtvMgfdzq9w+vF7hd7XbcJblq9t6+kmzKyxUw==",
      "dev": true
    }
  }
}
